
Microsoft Visual Studio Solution File, Format Version 12.00
Project("{FAE04EC0-301F-11D3-BF4B-00C04F79EFBC}") = "ApiGateway", "ApiGateway\ApiGateway.csproj", "{FB4970D2-92E3-4BED-A55C-A539454A0300}"
EndProject
Project("{FAE04EC0-301F-11D3-BF4B-00C04F79EFBC}") = "OrderService", "OrderService\OrderService.csproj", "{DB7ECA4C-AF42-4688-A71C-889EC6619812}"
EndProject
Project("{FAE04EC0-301F-11D3-BF4B-00C04F79EFBC}") = "Observability", "Observability\Observability.csproj", "{9FD44FEF-5B61-4C92-9721-15F04333543C}"
EndProject
Global
	GlobalSection(SolutionConfigurationPlatforms) = preSolution
		Debug|Any CPU = Debug|Any CPU
		Release|Any CPU = Release|Any CPU
	EndGlobalSection
	GlobalSection(ProjectConfigurationPlatforms) = postSolution
		{FB4970D2-92E3-4BED-A55C-A539454A0300}.Debug|Any CPU.ActiveCfg = Debug|Any CPU
		{FB4970D2-92E3-4BED-A55C-A539454A0300}.Debug|Any CPU.Build.0 = Debug|Any CPU
		{FB4970D2-92E3-4BED-A55C-A539454A0300}.Release|Any CPU.ActiveCfg = Release|Any CPU
		{FB4970D2-92E3-4BED-A55C-A539454A0300}.Release|Any CPU.Build.0 = Release|Any CPU
		{DB7ECA4C-AF42-4688-A71C-889EC6619812}.Debug|Any CPU.ActiveCfg = Debug|Any CPU
		{DB7ECA4C-AF42-4688-A71C-889EC6619812}.Debug|Any CPU.Build.0 = Debug|Any CPU
		{DB7ECA4C-AF42-4688-A71C-889EC6619812}.Release|Any CPU.ActiveCfg = Release|Any CPU
		{DB7ECA4C-AF42-4688-A71C-889EC6619812}.Release|Any CPU.Build.0 = Release|Any CPU
		{9FD44FEF-5B61-4C92-9721-15F04333543C}.Debug|Any CPU.ActiveCfg = Debug|Any CPU
		{9FD44FEF-5B61-4C92-9721-15F04333543C}.Debug|Any CPU.Build.0 = Debug|Any CPU
		{9FD44FEF-5B61-4C92-9721-15F04333543C}.Release|Any CPU.ActiveCfg = Release|Any CPU
		{9FD44FEF-5B61-4C92-9721-15F04333543C}.Release|Any CPU.Build.0 = Release|Any CPU
	EndGlobalSection
EndGlobal
